
Microsoft Visual Studio Solution File, Format Version 12.00
# Visual Studio 15
VisualStudioVersion = 15.0.27703.2047
MinimumVisualStudioVersion = 10.0.40219.1
Project("{2150E333-8FDC-42A3-9474-1A3956D46DE8}") = "src", "src", "{9DFFE7DC-5C81-493A-BB0A-E76231A0C966}"
EndProject
Project("{9A19103F-16F7-4668-BE54-9A1E7A4F7556}") = "CPI.WebAPI", "src\CPI.WebAPI\CPI.WebAPI.csproj", "{6CFE51BB-7B10-425B-9573-2D3B695FCCDC}"
EndProject
Project("{9A19103F-16F7-4668-BE54-9A1E7A4F7556}") = "CPI.Common", "src\CPI.Common\CPI.Common.csproj", "{744CE24A-CADF-4415-AEFF-A9643306BCA8}"
EndProject
Project("{9A19103F-16F7-4668-BE54-9A1E7A4F7556}") = "CPI.Security", "src\CPI.Security\CPI.Security.csproj", "{E764ADB0-44E1-4FAF-9330-CBDA5FDCB82E}"
EndProject
Project("{9A19103F-16F7-4668-BE54-9A1E7A4F7556}") = "CPI.IService", "src\CPI.IService\CPI.IService.csproj", "{0E38DD33-B3AD-46CA-8410-2AB6AF05149A}"
EndProject
Project("{9A19103F-16F7-4668-BE54-9A1E7A4F7556}") = "CPI.Services", "src\CPI.Services\CPI.Services.csproj", "{4E051618-4120-4442-B073-597A70EB43E3}"
EndProject
Project("{9A19103F-16F7-4668-BE54-9A1E7A4F7556}") = "CPI.IData", "src\CPI.IData\CPI.IData.csproj", "{C33C5EB2-2D88-48AC-A507-4B554439D007}"
EndProject
Project("{9A19103F-16F7-4668-BE54-9A1E7A4F7556}") = "CPI.Data.PostgreSQL", "src\CPI.Data.PostgreSQL\CPI.Data.PostgreSQL.csproj", "{74603D38-4B6B-4F7A-9F1E-8A3A0A393DEE}"
EndProject
Project("{9A19103F-16F7-4668-BE54-9A1E7A4F7556}") = "CPI.Utils", "src\CPI.Utils\CPI.Utils.csproj", "{E53B4DD3-E9A3-4091-825A-603C217B0725}"
EndProject
Project("{9A19103F-16F7-4668-BE54-9A1E7A4F7556}") = "CPI.Handlers", "src\CPI.Handlers\CPI.Handlers.csproj", "{D7AC6504-3AC8-4B4C-9737-A89D89B8A540}"
EndProject
Project("{FAE04EC0-301F-11D3-BF4B-00C04F79EFBC}") = "CPI.ScheduleMgr", "src\CPI.Schedule\CPI.ScheduleMgr.csproj", "{B6065EA0-24BC-44A7-A1FC-46B09F027797}"
EndProject
Project("{FAE04EC0-301F-11D3-BF4B-00C04F79EFBC}") = "CPI.ScheduleJobs", "src\CPI.ScheduleJobs\CPI.ScheduleJobs.csproj", "{04774CC3-7255-472E-A94E-F18CC35A48CD}"
EndProject
Project("{9A19103F-16F7-4668-BE54-9A1E7A4F7556}") = "CPI.Config", "src\CPI.Config\CPI.Config.csproj", "{BEF356EA-97D1-4EBE-9AB7-B9B85B63647C}"
EndProject
Project("{9A19103F-16F7-4668-BE54-9A1E7A4F7556}") = "CPI.Providers", "src\CPI.Providers\CPI.Providers.csproj", "{BA118B32-EC0F-4C48-BF83-DD759E9F1A90}"
EndProject
Global
	GlobalSection(SolutionConfigurationPlatforms) = preSolution
		Debug|Any CPU = Debug|Any CPU
		Release|Any CPU = Release|Any CPU
	EndGlobalSection
	GlobalSection(ProjectConfigurationPlatforms) = postSolution
		{6CFE51BB-7B10-425B-9573-2D3B695FCCDC}.Debug|Any CPU.ActiveCfg = Debug|Any CPU
		{6CFE51BB-7B10-425B-9573-2D3B695FCCDC}.Debug|Any CPU.Build.0 = Debug|Any CPU
		{6CFE51BB-7B10-425B-9573-2D3B695FCCDC}.Release|Any CPU.ActiveCfg = Release|Any CPU
		{6CFE51BB-7B10-425B-9573-2D3B695FCCDC}.Release|Any CPU.Build.0 = Release|Any CPU
		{744CE24A-CADF-4415-AEFF-A9643306BCA8}.Debug|Any CPU.ActiveCfg = Debug|Any CPU
		{744CE24A-CADF-4415-AEFF-A9643306BCA8}.Debug|Any CPU.Build.0 = Debug|Any CPU
		{744CE24A-CADF-4415-AEFF-A9643306BCA8}.Release|Any CPU.ActiveCfg = Release|Any CPU
		{744CE24A-CADF-4415-AEFF-A9643306BCA8}.Release|Any CPU.Build.0 = Release|Any CPU
		{E764ADB0-44E1-4FAF-9330-CBDA5FDCB82E}.Debug|Any CPU.ActiveCfg = Debug|Any CPU
		{E764ADB0-44E1-4FAF-9330-CBDA5FDCB82E}.Debug|Any CPU.Build.0 = Debug|Any CPU
		{E764ADB0-44E1-4FAF-9330-CBDA5FDCB82E}.Release|Any CPU.ActiveCfg = Release|Any CPU
		{E764ADB0-44E1-4FAF-9330-CBDA5FDCB82E}.Release|Any CPU.Build.0 = Release|Any CPU
		{0E38DD33-B3AD-46CA-8410-2AB6AF05149A}.Debug|Any CPU.ActiveCfg = Debug|Any CPU
		{0E38DD33-B3AD-46CA-8410-2AB6AF05149A}.Debug|Any CPU.Build.0 = Debug|Any CPU
		{0E38DD33-B3AD-46CA-8410-2AB6AF05149A}.Release|Any CPU.ActiveCfg = Release|Any CPU
		{0E38DD33-B3AD-46CA-8410-2AB6AF05149A}.Release|Any CPU.Build.0 = Release|Any CPU
		{4E051618-4120-4442-B073-597A70EB43E3}.Debug|Any CPU.ActiveCfg = Debug|Any CPU
		{4E051618-4120-4442-B073-597A70EB43E3}.Debug|Any CPU.Build.0 = Debug|Any CPU
		{4E051618-4120-4442-B073-597A70EB43E3}.Release|Any CPU.ActiveCfg = Release|Any CPU
		{4E051618-4120-4442-B073-597A70EB43E3}.Release|Any CPU.Build.0 = Release|Any CPU
		{C33C5EB2-2D88-48AC-A507-4B554439D007}.Debug|Any CPU.ActiveCfg = Debug|Any CPU
		{C33C5EB2-2D88-48AC-A507-4B554439D007}.Debug|Any CPU.Build.0 = Debug|Any CPU
		{C33C5EB2-2D88-48AC-A507-4B554439D007}.Release|Any CPU.ActiveCfg = Release|Any CPU
		{C33C5EB2-2D88-48AC-A507-4B554439D007}.Release|Any CPU.Build.0 = Release|Any CPU
		{74603D38-4B6B-4F7A-9F1E-8A3A0A393DEE}.Debug|Any CPU.ActiveCfg = Debug|Any CPU
		{74603D38-4B6B-4F7A-9F1E-8A3A0A393DEE}.Debug|Any CPU.Build.0 = Debug|Any CPU
		{74603D38-4B6B-4F7A-9F1E-8A3A0A393DEE}.Release|Any CPU.ActiveCfg = Release|Any CPU
		{74603D38-4B6B-4F7A-9F1E-8A3A0A393DEE}.Release|Any CPU.Build.0 = Release|Any CPU
		{E53B4DD3-E9A3-4091-825A-603C217B0725}.Debug|Any CPU.ActiveCfg = Debug|Any CPU
		{E53B4DD3-E9A3-4091-825A-603C217B0725}.Debug|Any CPU.Build.0 = Debug|Any CPU
		{E53B4DD3-E9A3-4091-825A-603C217B0725}.Release|Any CPU.ActiveCfg = Release|Any CPU
		{E53B4DD3-E9A3-4091-825A-603C217B0725}.Release|Any CPU.Build.0 = Release|Any CPU
		{D7AC6504-3AC8-4B4C-9737-A89D89B8A540}.Debug|Any CPU.ActiveCfg = Debug|Any CPU
		{D7AC6504-3AC8-4B4C-9737-A89D89B8A540}.Debug|Any CPU.Build.0 = Debug|Any CPU
		{D7AC6504-3AC8-4B4C-9737-A89D89B8A540}.Release|Any CPU.ActiveCfg = Release|Any CPU
		{D7AC6504-3AC8-4B4C-9737-A89D89B8A540}.Release|Any CPU.Build.0 = Release|Any CPU
		{B6065EA0-24BC-44A7-A1FC-46B09F027797}.Debug|Any CPU.ActiveCfg = Debug|Any CPU
		{B6065EA0-24BC-44A7-A1FC-46B09F027797}.Debug|Any CPU.Build.0 = Debug|Any CPU
		{B6065EA0-24BC-44A7-A1FC-46B09F027797}.Release|Any CPU.ActiveCfg = Release|Any CPU
		{B6065EA0-24BC-44A7-A1FC-46B09F027797}.Release|Any CPU.Build.0 = Release|Any CPU
		{04774CC3-7255-472E-A94E-F18CC35A48CD}.Debug|Any CPU.ActiveCfg = Debug|Any CPU
		{04774CC3-7255-472E-A94E-F18CC35A48CD}.Debug|Any CPU.Build.0 = Debug|Any CPU
		{04774CC3-7255-472E-A94E-F18CC35A48CD}.Release|Any CPU.ActiveCfg = Release|Any CPU
		{04774CC3-7255-472E-A94E-F18CC35A48CD}.Release|Any CPU.Build.0 = Release|Any CPU
		{BEF356EA-97D1-4EBE-9AB7-B9B85B63647C}.Debug|Any CPU.ActiveCfg = Debug|Any CPU
		{BEF356EA-97D1-4EBE-9AB7-B9B85B63647C}.Debug|Any CPU.Build.0 = Debug|Any CPU
		{BEF356EA-97D1-4EBE-9AB7-B9B85B63647C}.Release|Any CPU.ActiveCfg = Release|Any CPU
		{BEF356EA-97D1-4EBE-9AB7-B9B85B63647C}.Release|Any CPU.Build.0 = Release|Any CPU
		{BA118B32-EC0F-4C48-BF83-DD759E9F1A90}.Debug|Any CPU.ActiveCfg = Debug|Any CPU
		{BA118B32-EC0F-4C48-BF83-DD759E9F1A90}.Debug|Any CPU.Build.0 = Debug|Any CPU
		{BA118B32-EC0F-4C48-BF83-DD759E9F1A90}.Release|Any CPU.ActiveCfg = Release|Any CPU
		{BA118B32-EC0F-4C48-BF83-DD759E9F1A90}.Release|Any CPU.Build.0 = Release|Any CPU
	EndGlobalSection
	GlobalSection(SolutionProperties) = preSolution
		HideSolutionNode = FALSE
	EndGlobalSection
	GlobalSection(NestedProjects) = preSolution
		{6CFE51BB-7B10-425B-9573-2D3B695FCCDC} = {9DFFE7DC-5C81-493A-BB0A-E76231A0C966}
		{744CE24A-CADF-4415-AEFF-A9643306BCA8} = {9DFFE7DC-5C81-493A-BB0A-E76231A0C966}
		{E764ADB0-44E1-4FAF-9330-CBDA5FDCB82E} = {9DFFE7DC-5C81-493A-BB0A-E76231A0C966}
		{0E38DD33-B3AD-46CA-8410-2AB6AF05149A} = {9DFFE7DC-5C81-493A-BB0A-E76231A0C966}
		{4E051618-4120-4442-B073-597A70EB43E3} = {9DFFE7DC-5C81-493A-BB0A-E76231A0C966}
		{C33C5EB2-2D88-48AC-A507-4B554439D007} = {9DFFE7DC-5C81-493A-BB0A-E76231A0C966}
		{74603D38-4B6B-4F7A-9F1E-8A3A0A393DEE} = {9DFFE7DC-5C81-493A-BB0A-E76231A0C966}
		{E53B4DD3-E9A3-4091-825A-603C217B0725} = {9DFFE7DC-5C81-493A-BB0A-E76231A0C966}
		{D7AC6504-3AC8-4B4C-9737-A89D89B8A540} = {9DFFE7DC-5C81-493A-BB0A-E76231A0C966}
		{B6065EA0-24BC-44A7-A1FC-46B09F027797} = {9DFFE7DC-5C81-493A-BB0A-E76231A0C966}
		{04774CC3-7255-472E-A94E-F18CC35A48CD} = {9DFFE7DC-5C81-493A-BB0A-E76231A0C966}
		{BEF356EA-97D1-4EBE-9AB7-B9B85B63647C} = {9DFFE7DC-5C81-493A-BB0A-E76231A0C966}
		{BA118B32-EC0F-4C48-BF83-DD759E9F1A90} = {9DFFE7DC-5C81-493A-BB0A-E76231A0C966}
	EndGlobalSection
	GlobalSection(ExtensibilityGlobals) = postSolution
		SolutionGuid = {4C827F94-9A29-4550-BA6E-8268572B5B04}
	EndGlobalSection
	GlobalSection(Performance) = preSolution
		HasPerformanceSessions = true
	EndGlobalSection
EndGlobal
